
Microsoft Visual Studio Solution File, Format Version 12.00
# Visual Studio 2012
Project("{FAE04EC0-301F-11D3-BF4B-00C04F79EFBC}") = "SignalR.Scaleout.RabbitMq", "SignalR.Scaleout.RabbitMq.csproj", "{AFC414D5-44D9-438E-9A23-90FE1EDCD16D}"
EndProject
Project("{2150E333-8FDC-42A3-9474-1A3956D46DE8}") = ".nuget", ".nuget", "{748682A4-CD4B-49A6-BEAD-898A1A3090F0}"
	ProjectSection(SolutionItems) = preProject
		.nuget\NuGet.Config = .nuget\NuGet.Config
		.nuget\NuGet.exe = .nuget\NuGet.exe
		.nuget\NuGet.targets = .nuget\NuGet.targets
	EndProjectSection
EndProject
Global
	GlobalSection(SolutionConfigurationPlatforms) = preSolution
		Debug|Any CPU = Debug|Any CPU
		Release|Any CPU = Release|Any CPU
	EndGlobalSection
	GlobalSection(ProjectConfigurationPlatforms) = postSolution
		{AFC414D5-44D9-438E-9A23-90FE1EDCD16D}.Debug|Any CPU.ActiveCfg = Debug|Any CPU
		{AFC414D5-44D9-438E-9A23-90FE1EDCD16D}.Debug|Any CPU.Build.0 = Debug|Any CPU
		{AFC414D5-44D9-438E-9A23-90FE1EDCD16D}.Release|Any CPU.ActiveCfg = Release|Any CPU
		{AFC414D5-44D9-438E-9A23-90FE1EDCD16D}.Release|Any CPU.Build.0 = Release|Any CPU
	EndGlobalSection
	GlobalSection(SolutionProperties) = preSolution
		HideSolutionNode = FALSE
	EndGlobalSection
EndGlobal
